
Microsoft Visual Studio Solution File, Format Version 12.00
# Visual Studio 15
VisualStudioVersion = 15.0.27703.2026
MinimumVisualStudioVersion = 10.0.40219.1
Project("{FAE04EC0-301F-11D3-BF4B-00C04F79EFBC}") = "M2NET_S119_REPASO_M1", "M2NET_S119_REPASO_M1\M2NET_S119_REPASO_M1.csproj", "{D880A528-8E57-4638-A342-0076FC0F04A8}"
EndProject
Project("{FAE04EC0-301F-11D3-BF4B-00C04F79EFBC}") = "M2NET_S119_INTRO_FORMULARIOS", "M2NET_S119_INTRO_FORMULARIOS\M2NET_S119_INTRO_FORMULARIOS.csproj", "{64C9F0BA-92DB-46FB-A53F-EAD508789F56}"
EndProject
Project("{FAE04EC0-301F-11D3-BF4B-00C04F79EFBC}") = "M2NET_S119_CONTROLES", "M2NET_S119_CONTROLES\M2NET_S119_CONTROLES.csproj", "{48D90E7D-436D-4F60-97DE-CAFC1F724FC1}"
EndProject
Global
	GlobalSection(SolutionConfigurationPlatforms) = preSolution
		Debug|Any CPU = Debug|Any CPU
		Release|Any CPU = Release|Any CPU
	EndGlobalSection
	GlobalSection(ProjectConfigurationPlatforms) = postSolution
		{D880A528-8E57-4638-A342-0076FC0F04A8}.Debug|Any CPU.ActiveCfg = Debug|Any CPU
		{D880A528-8E57-4638-A342-0076FC0F04A8}.Debug|Any CPU.Build.0 = Debug|Any CPU
		{D880A528-8E57-4638-A342-0076FC0F04A8}.Release|Any CPU.ActiveCfg = Release|Any CPU
		{D880A528-8E57-4638-A342-0076FC0F04A8}.Release|Any CPU.Build.0 = Release|Any CPU
		{64C9F0BA-92DB-46FB-A53F-EAD508789F56}.Debug|Any CPU.ActiveCfg = Debug|Any CPU
		{64C9F0BA-92DB-46FB-A53F-EAD508789F56}.Debug|Any CPU.Build.0 = Debug|Any CPU
		{64C9F0BA-92DB-46FB-A53F-EAD508789F56}.Release|Any CPU.ActiveCfg = Release|Any CPU
		{64C9F0BA-92DB-46FB-A53F-EAD508789F56}.Release|Any CPU.Build.0 = Release|Any CPU
		{48D90E7D-436D-4F60-97DE-CAFC1F724FC1}.Debug|Any CPU.ActiveCfg = Debug|Any CPU
		{48D90E7D-436D-4F60-97DE-CAFC1F724FC1}.Debug|Any CPU.Build.0 = Debug|Any CPU
		{48D90E7D-436D-4F60-97DE-CAFC1F724FC1}.Release|Any CPU.ActiveCfg = Release|Any CPU
		{48D90E7D-436D-4F60-97DE-CAFC1F724FC1}.Release|Any CPU.Build.0 = Release|Any CPU
	EndGlobalSection
	GlobalSection(SolutionProperties) = preSolution
		HideSolutionNode = FALSE
	EndGlobalSection
	GlobalSection(ExtensibilityGlobals) = postSolution
		SolutionGuid = {8265BE76-1C3C-4295-96E1-820C3BB4B512}
	EndGlobalSection
EndGlobal
